
Microsoft Visual Studio Solution File, Format Version 12.00
# Visual Studio Version 17
VisualStudioVersion = 17.11.35312.102
MinimumVisualStudioVersion = 10.0.40219.1
Project("{FAE04EC0-301F-11D3-BF4B-00C04F79EFBC}") = "Quick_Sort_Algorithm", "Quick_Sort_Algorithm\Quick_Sort_Algorithm.csproj", "{CAB08EC2-415E-4CE1-A07C-8594811619E5}"
EndProject
Global
	GlobalSection(SolutionConfigurationPlatforms) = preSolution
		Debug|Any CPU = Debug|Any CPU
		Release|Any CPU = Release|Any CPU
	EndGlobalSection
	GlobalSection(ProjectConfigurationPlatforms) = postSolution
		{CAB08EC2-415E-4CE1-A07C-8594811619E5}.Debug|Any CPU.ActiveCfg = Debug|Any CPU
		{CAB08EC2-415E-4CE1-A07C-8594811619E5}.Debug|Any CPU.Build.0 = Debug|Any CPU
		{CAB08EC2-415E-4CE1-A07C-8594811619E5}.Release|Any CPU.ActiveCfg = Release|Any CPU
		{CAB08EC2-415E-4CE1-A07C-8594811619E5}.Release|Any CPU.Build.0 = Release|Any CPU
	EndGlobalSection
	GlobalSection(SolutionProperties) = preSolution
		HideSolutionNode = FALSE
	EndGlobalSection
	GlobalSection(ExtensibilityGlobals) = postSolution
		SolutionGuid = {2ADBDB8C-AE00-4F8B-A815-9EDE6E5F198D}
	EndGlobalSection
EndGlobal
